
Microsoft Visual Studio Solution File, Format Version 12.00
# Visual Studio Version 17
VisualStudioVersion = 17.13.35931.197 d17.13
MinimumVisualStudioVersion = 10.0.40219.1
Project("{FAE04EC0-301F-11D3-BF4B-00C04F79EFBC}") = "task_list", "task_list.csproj", "{FF295556-5B11-47BF-8C8F-48FC73C9C75E}"
EndProject
Global
	GlobalSection(SolutionConfigurationPlatforms) = preSolution
		Debug|Any CPU = Debug|Any CPU
		Release|Any CPU = Release|Any CPU
	EndGlobalSection
	GlobalSection(ProjectConfigurationPlatforms) = postSolution
		{FF295556-5B11-47BF-8C8F-48FC73C9C75E}.Debug|Any CPU.ActiveCfg = Debug|Any CPU
		{FF295556-5B11-47BF-8C8F-48FC73C9C75E}.Debug|Any CPU.Build.0 = Debug|Any CPU
		{FF295556-5B11-47BF-8C8F-48FC73C9C75E}.Release|Any CPU.ActiveCfg = Release|Any CPU
		{FF295556-5B11-47BF-8C8F-48FC73C9C75E}.Release|Any CPU.Build.0 = Release|Any CPU
	EndGlobalSection
	GlobalSection(SolutionProperties) = preSolution
		HideSolutionNode = FALSE
	EndGlobalSection
	GlobalSection(ExtensibilityGlobals) = postSolution
		SolutionGuid = {9A33A21B-DAC4-4221-9D03-5C788E067E0E}
	EndGlobalSection
EndGlobal
